
Microsoft Visual Studio Solution File, Format Version 12.00
# Visual Studio Version 16
VisualStudioVersion = 16.0.31702.278
MinimumVisualStudioVersion = 10.0.40219.1
Project("{FAE04EC0-301F-11D3-BF4B-00C04F79EFBC}") = "Lesson3", "Lesson3\Lesson3.csproj", "{604D1516-8011-4CDF-9722-D77C1AB34024}"
EndProject
Global
	GlobalSection(SolutionConfigurationPlatforms) = preSolution
		Debug|Any CPU = Debug|Any CPU
		Release|Any CPU = Release|Any CPU
	EndGlobalSection
	GlobalSection(ProjectConfigurationPlatforms) = postSolution
		{604D1516-8011-4CDF-9722-D77C1AB34024}.Debug|Any CPU.ActiveCfg = Debug|Any CPU
		{604D1516-8011-4CDF-9722-D77C1AB34024}.Debug|Any CPU.Build.0 = Debug|Any CPU
		{604D1516-8011-4CDF-9722-D77C1AB34024}.Release|Any CPU.ActiveCfg = Release|Any CPU
		{604D1516-8011-4CDF-9722-D77C1AB34024}.Release|Any CPU.Build.0 = Release|Any CPU
	EndGlobalSection
	GlobalSection(SolutionProperties) = preSolution
		HideSolutionNode = FALSE
	EndGlobalSection
	GlobalSection(ExtensibilityGlobals) = postSolution
		SolutionGuid = {8E404883-1B49-4999-ABC1-CB1E6A3E7709}
	EndGlobalSection
EndGlobal
