
Microsoft Visual Studio Solution File, Format Version 12.00
# Visual Studio Version 16
VisualStudioVersion = 16.0.31702.278
MinimumVisualStudioVersion = 10.0.40219.1
Project("{FAE04EC0-301F-11D3-BF4B-00C04F79EFBC}") = "Lesson7", "Lesson7.csproj", "{0F646805-C53D-43D9-9254-6BFEB7708527}"
EndProject
Global
	GlobalSection(SolutionConfigurationPlatforms) = preSolution
		Debug|Any CPU = Debug|Any CPU
		Release|Any CPU = Release|Any CPU
	EndGlobalSection
	GlobalSection(ProjectConfigurationPlatforms) = postSolution
		{0F646805-C53D-43D9-9254-6BFEB7708527}.Debug|Any CPU.ActiveCfg = Debug|Any CPU
		{0F646805-C53D-43D9-9254-6BFEB7708527}.Debug|Any CPU.Build.0 = Debug|Any CPU
		{0F646805-C53D-43D9-9254-6BFEB7708527}.Release|Any CPU.ActiveCfg = Release|Any CPU
		{0F646805-C53D-43D9-9254-6BFEB7708527}.Release|Any CPU.Build.0 = Release|Any CPU
	EndGlobalSection
	GlobalSection(SolutionProperties) = preSolution
		HideSolutionNode = FALSE
	EndGlobalSection
	GlobalSection(ExtensibilityGlobals) = postSolution
		SolutionGuid = {06284156-BC21-45AC-BD00-4CE41BD54C82}
	EndGlobalSection
EndGlobal
